
Microsoft Visual Studio Solution File, Format Version 12.00
# Visual Studio Version 16
VisualStudioVersion = 16.0.34301.259
MinimumVisualStudioVersion = 10.0.40219.1
Project("{FAE04EC0-301F-11D3-BF4B-00C04F79EFBC}") = "Teszt", "Teszt\Teszt.csproj", "{5B74D6F1-3C84-49AA-870D-F3491D8FD456}"
EndProject
Project("{FAE04EC0-301F-11D3-BF4B-00C04F79EFBC}") = "Teszt_UniTeszt", "Teszt_UniTeszt\Teszt_UniTeszt.csproj", "{3EB8A0CF-E3C1-43B5-BB5D-2EE5B8543E46}"
EndProject
Project("{FAE04EC0-301F-11D3-BF4B-00C04F79EFBC}") = "KorHenger", "KorHenger\KorHenger.csproj", "{06AC0B2E-2A40-4865-A921-C468DB50CCC2}"
EndProject
Project("{FAE04EC0-301F-11D3-BF4B-00C04F79EFBC}") = "KorHenger-Test", "KorHenger-Test\KorHenger-Test.csproj", "{CBBFC27E-8A7A-40B9-8B11-94D48FBEB08C}"
EndProject
Project("{FAE04EC0-301F-11D3-BF4B-00C04F79EFBC}") = "KorHenger_UnitTest", "KorHenger_UnitTest\KorHenger_UnitTest.csproj", "{D22CD96F-E970-4B36-8978-B1D876883912}"
EndProject
Global
	GlobalSection(SolutionConfigurationPlatforms) = preSolution
		Debug|Any CPU = Debug|Any CPU
		Release|Any CPU = Release|Any CPU
	EndGlobalSection
	GlobalSection(ProjectConfigurationPlatforms) = postSolution
		{5B74D6F1-3C84-49AA-870D-F3491D8FD456}.Debug|Any CPU.ActiveCfg = Debug|Any CPU
		{5B74D6F1-3C84-49AA-870D-F3491D8FD456}.Debug|Any CPU.Build.0 = Debug|Any CPU
		{5B74D6F1-3C84-49AA-870D-F3491D8FD456}.Release|Any CPU.ActiveCfg = Release|Any CPU
		{5B74D6F1-3C84-49AA-870D-F3491D8FD456}.Release|Any CPU.Build.0 = Release|Any CPU
		{3EB8A0CF-E3C1-43B5-BB5D-2EE5B8543E46}.Debug|Any CPU.ActiveCfg = Debug|Any CPU
		{3EB8A0CF-E3C1-43B5-BB5D-2EE5B8543E46}.Debug|Any CPU.Build.0 = Debug|Any CPU
		{3EB8A0CF-E3C1-43B5-BB5D-2EE5B8543E46}.Release|Any CPU.ActiveCfg = Release|Any CPU
		{3EB8A0CF-E3C1-43B5-BB5D-2EE5B8543E46}.Release|Any CPU.Build.0 = Release|Any CPU
		{06AC0B2E-2A40-4865-A921-C468DB50CCC2}.Debug|Any CPU.ActiveCfg = Debug|Any CPU
		{06AC0B2E-2A40-4865-A921-C468DB50CCC2}.Debug|Any CPU.Build.0 = Debug|Any CPU
		{06AC0B2E-2A40-4865-A921-C468DB50CCC2}.Release|Any CPU.ActiveCfg = Release|Any CPU
		{06AC0B2E-2A40-4865-A921-C468DB50CCC2}.Release|Any CPU.Build.0 = Release|Any CPU
		{CBBFC27E-8A7A-40B9-8B11-94D48FBEB08C}.Debug|Any CPU.ActiveCfg = Debug|Any CPU
		{CBBFC27E-8A7A-40B9-8B11-94D48FBEB08C}.Debug|Any CPU.Build.0 = Debug|Any CPU
		{CBBFC27E-8A7A-40B9-8B11-94D48FBEB08C}.Release|Any CPU.ActiveCfg = Release|Any CPU
		{CBBFC27E-8A7A-40B9-8B11-94D48FBEB08C}.Release|Any CPU.Build.0 = Release|Any CPU
		{D22CD96F-E970-4B36-8978-B1D876883912}.Debug|Any CPU.ActiveCfg = Debug|Any CPU
		{D22CD96F-E970-4B36-8978-B1D876883912}.Debug|Any CPU.Build.0 = Debug|Any CPU
		{D22CD96F-E970-4B36-8978-B1D876883912}.Release|Any CPU.ActiveCfg = Release|Any CPU
		{D22CD96F-E970-4B36-8978-B1D876883912}.Release|Any CPU.Build.0 = Release|Any CPU
	EndGlobalSection
	GlobalSection(SolutionProperties) = preSolution
		HideSolutionNode = FALSE
	EndGlobalSection
	GlobalSection(ExtensibilityGlobals) = postSolution
		SolutionGuid = {4E14D96B-391E-47E1-9958-7447F58A5221}
	EndGlobalSection
EndGlobal
